
Microsoft Visual Studio Solution File, Format Version 12.00
# Visual Studio Version 17
VisualStudioVersion = 17.0.32014.148
MinimumVisualStudioVersion = 10.0.40219.1
Project("{FAE04EC0-301F-11D3-BF4B-00C04F79EFBC}") = "MyFirstSyntaxApiUsage", "MyFirstSyntaxApiUsage\MyFirstSyntaxApiUsage.csproj", "{F9FE9331-EF5D-4260-B44B-A1166C496252}"
EndProject
Global
	GlobalSection(SolutionConfigurationPlatforms) = preSolution
		Debug|Any CPU = Debug|Any CPU
		Release|Any CPU = Release|Any CPU
	EndGlobalSection
	GlobalSection(ProjectConfigurationPlatforms) = postSolution
		{F9FE9331-EF5D-4260-B44B-A1166C496252}.Debug|Any CPU.ActiveCfg = Debug|Any CPU
		{F9FE9331-EF5D-4260-B44B-A1166C496252}.Debug|Any CPU.Build.0 = Debug|Any CPU
		{F9FE9331-EF5D-4260-B44B-A1166C496252}.Release|Any CPU.ActiveCfg = Release|Any CPU
		{F9FE9331-EF5D-4260-B44B-A1166C496252}.Release|Any CPU.Build.0 = Release|Any CPU
	EndGlobalSection
	GlobalSection(SolutionProperties) = preSolution
		HideSolutionNode = FALSE
	EndGlobalSection
	GlobalSection(ExtensibilityGlobals) = postSolution
		SolutionGuid = {29BF2659-4EB9-4730-A226-EE50DCCF1851}
	EndGlobalSection
EndGlobal
